// !$*UTF8*$!
{
	archiveVersion = 1;
	classes = {
	};
	objectVersion = 56;
	objects = {

/* Begin PBXBuildFile section */
		970394A72982CD49001177B9 /* MostPopularGamesTests.swift in Sources */ = {isa = PBXBuildFile; fileRef = 970394A62982CD49001177B9 /* MostPopularGamesTests.swift */; };
		971737BB29714451001415A3 /* GameContainer.swift in Sources */ = {isa = PBXBuildFile; fileRef = 971737BA29714451001415A3 /* GameContainer.swift */; };
		974003412988F8C7003C811A /* Profile in Frameworks */ = {isa = PBXBuildFile; productRef = 974003402988F8C7003C811A /* Profile */; };
		974003442988FB70003C811A /* Detail in Frameworks */ = {isa = PBXBuildFile; productRef = 974003432988FB70003C811A /* Detail */; };
		974003472988FE8A003C811A /* Core in Frameworks */ = {isa = PBXBuildFile; productRef = 974003462988FE8A003C811A /* Core */; };
		9740034A29891387003C811A /* Home in Frameworks */ = {isa = PBXBuildFile; productRef = 9740034929891387003C811A /* Home */; };
		9740034D29891629003C811A /* Favorite in Frameworks */ = {isa = PBXBuildFile; productRef = 9740034C29891629003C811A /* Favorite */; };
		9740034F2989699D003C811A /* Assembler.swift in Sources */ = {isa = PBXBuildFile; fileRef = 9740034E2989699D003C811A /* Assembler.swift */; };
		975EC685296BD85E00337F2C /* MostPopularGamesApp.swift in Sources */ = {isa = PBXBuildFile; fileRef = 975EC684296BD85E00337F2C /* MostPopularGamesApp.swift */; };
		975EC687296BD85E00337F2C /* MainView.swift in Sources */ = {isa = PBXBuildFile; fileRef = 975EC686296BD85E00337F2C /* MainView.swift */; };
		975EC689296BD85F00337F2C /* Assets.xcassets in Resources */ = {isa = PBXBuildFile; fileRef = 975EC688296BD85F00337F2C /* Assets.xcassets */; };
		975EC68C296BD85F00337F2C /* Preview Assets.xcassets in Resources */ = {isa = PBXBuildFile; fileRef = 975EC68B296BD85F00337F2C /* Preview Assets.xcassets */; };
/* End PBXBuildFile section */

/* Begin PBXContainerItemProxy section */
		970394A82982CD49001177B9 /* PBXContainerItemProxy */ = {
			isa = PBXContainerItemProxy;
			containerPortal = 975EC679296BD85D00337F2C /* Project object */;
			proxyType = 1;
			remoteGlobalIDString = 975EC680296BD85E00337F2C;
			remoteInfo = MostPopularGames;
		};
/* End PBXContainerItemProxy section */

/* Begin PBXCopyFilesBuildPhase section */
		971737CA297159F2001415A3 /* Embed Frameworks */ = {
			isa = PBXCopyFilesBuildPhase;
			buildActionMask = 2147483647;
			dstPath = "";
			dstSubfolderSpec = 10;
			files = (
			);
			name = "Embed Frameworks";
			runOnlyForDeploymentPostprocessing = 0;
		};
/* End PBXCopyFilesBuildPhase section */

/* Begin PBXFileReference section */
		970394A42982CD49001177B9 /* MostPopularGamesTests.xctest */ = {isa = PBXFileReference; explicitFileType = wrapper.cfbundle; includeInIndex = 0; path = MostPopularGamesTests.xctest; sourceTree = BUILT_PRODUCTS_DIR; };
		970394A62982CD49001177B9 /* MostPopularGamesTests.swift */ = {isa = PBXFileReference; lastKnownFileType = sourcecode.swift; path = MostPopularGamesTests.swift; sourceTree = "<group>"; };
		971737BA29714451001415A3 /* GameContainer.swift */ = {isa = PBXFileReference; lastKnownFileType = sourcecode.swift; path = GameContainer.swift; sourceTree = "<group>"; };
		9740033F2988F7EA003C811A /* Profile */ = {isa = PBXFileReference; lastKnownFileType = wrapper; name = Profile; path = Modules/Profile; sourceTree = "<group>"; };
		974003422988FA03003C811A /* Detail */ = {isa = PBXFileReference; lastKnownFileType = wrapper; name = Detail; path = Modules/Detail; sourceTree = "<group>"; };
		974003452988FDE6003C811A /* Core */ = {isa = PBXFileReference; lastKnownFileType = wrapper; name = Core; path = Modules/Core; sourceTree = "<group>"; };
		974003482989105D003C811A /* Home */ = {isa = PBXFileReference; lastKnownFileType = wrapper; name = Home; path = Modules/Home; sourceTree = "<group>"; };
		9740034B29891617003C811A /* Favorite */ = {isa = PBXFileReference; lastKnownFileType = wrapper; name = Favorite; path = Modules/Favorite; sourceTree = "<group>"; };
		9740034E2989699D003C811A /* Assembler.swift */ = {isa = PBXFileReference; lastKnownFileType = sourcecode.swift; path = Assembler.swift; sourceTree = "<group>"; };
		975EC681296BD85E00337F2C /* MostPopularGames.app */ = {isa = PBXFileReference; explicitFileType = wrapper.application; includeInIndex = 0; path = MostPopularGames.app; sourceTree = BUILT_PRODUCTS_DIR; };
		975EC684296BD85E00337F2C /* MostPopularGamesApp.swift */ = {isa = PBXFileReference; lastKnownFileType = sourcecode.swift; path = MostPopularGamesApp.swift; sourceTree = "<group>"; };
		975EC686296BD85E00337F2C /* MainView.swift */ = {isa = PBXFileReference; lastKnownFileType = sourcecode.swift; path = MainView.swift; sourceTree = "<group>"; };
		975EC688296BD85F00337F2C /* Assets.xcassets */ = {isa = PBXFileReference; lastKnownFileType = folder.assetcatalog; path = Assets.xcassets; sourceTree = "<group>"; };
		975EC68B296BD85F00337F2C /* Preview Assets.xcassets */ = {isa = PBXFileReference; lastKnownFileType = folder.assetcatalog; path = "Preview Assets.xcassets"; sourceTree = "<group>"; };
/* End PBXFileReference section */

/* Begin PBXFrameworksBuildPhase section */
		970394A12982CD49001177B9 /* Frameworks */ = {
			isa = PBXFrameworksBuildPhase;
			buildActionMask = 2147483647;
			files = (
			);
			runOnlyForDeploymentPostprocessing = 0;
		};
		975EC67E296BD85E00337F2C /* Frameworks */ = {
			isa = PBXFrameworksBuildPhase;
			buildActionMask = 2147483647;
			files = (
				9740034D29891629003C811A /* Favorite in Frameworks */,
				974003442988FB70003C811A /* Detail in Frameworks */,
				974003412988F8C7003C811A /* Profile in Frameworks */,
				974003472988FE8A003C811A /* Core in Frameworks */,
				9740034A29891387003C811A /* Home in Frameworks */,
			);
			runOnlyForDeploymentPostprocessing = 0;
		};
/* End PBXFrameworksBuildPhase section */

/* Begin PBXGroup section */
		970394A52982CD49001177B9 /* MostPopularGamesTests */ = {
			isa = PBXGroup;
			children = (
				970394A62982CD49001177B9 /* MostPopularGamesTests.swift */,
			);
			path = MostPopularGamesTests;
			sourceTree = "<group>";
		};
		971737B929714439001415A3 /* DI */ = {
			isa = PBXGroup;
			children = (
				971737BA29714451001415A3 /* GameContainer.swift */,
				9740034E2989699D003C811A /* Assembler.swift */,
			);
			path = DI;
			sourceTree = "<group>";
		};
		9740033B2988F74E003C811A /* Frameworks */ = {
			isa = PBXGroup;
			children = (
			);
			name = Frameworks;
			sourceTree = "<group>";
		};
		975EC678296BD85D00337F2C = {
			isa = PBXGroup;
			children = (
				9740034B29891617003C811A /* Favorite */,
				974003482989105D003C811A /* Home */,
				974003452988FDE6003C811A /* Core */,
				974003422988FA03003C811A /* Detail */,
				9740033F2988F7EA003C811A /* Profile */,
				975EC683296BD85E00337F2C /* MostPopularGames */,
				970394A52982CD49001177B9 /* MostPopularGamesTests */,
				975EC682296BD85E00337F2C /* Products */,
				9740033B2988F74E003C811A /* Frameworks */,
			);
			sourceTree = "<group>";
		};
		975EC682296BD85E00337F2C /* Products */ = {
			isa = PBXGroup;
			children = (
				975EC681296BD85E00337F2C /* MostPopularGames.app */,
				970394A42982CD49001177B9 /* MostPopularGamesTests.xctest */,
			);
			name = Products;
			sourceTree = "<group>";
		};
		975EC683296BD85E00337F2C /* MostPopularGames */ = {
			isa = PBXGroup;
			children = (
				971737B929714439001415A3 /* DI */,
				97ADB9CC29783BC00013AE95 /* Presentation */,
				975EC684296BD85E00337F2C /* MostPopularGamesApp.swift */,
				975EC688296BD85F00337F2C /* Assets.xcassets */,
				975EC68A296BD85F00337F2C /* Preview Content */,
			);
			path = MostPopularGames;
			sourceTree = "<group>";
		};
		975EC68A296BD85F00337F2C /* Preview Content */ = {
			isa = PBXGroup;
			children = (
				975EC68B296BD85F00337F2C /* Preview Assets.xcassets */,
			);
			path = "Preview Content";
			sourceTree = "<group>";
		};
		975EC696296BD90100337F2C /* Views */ = {
			isa = PBXGroup;
			children = (
				975EC686296BD85E00337F2C /* MainView.swift */,
			);
			path = Views;
			sourceTree = "<group>";
		};
		97ADB9CC29783BC00013AE95 /* Presentation */ = {
			isa = PBXGroup;
			children = (
				975EC696296BD90100337F2C /* Views */,
			);
			path = Presentation;
			sourceTree = "<group>";
		};
/* End PBXGroup section */

/* Begin PBXNativeTarget section */
		970394A32982CD49001177B9 /* MostPopularGamesTests */ = {
			isa = PBXNativeTarget;
			buildConfigurationList = 970394AA2982CD49001177B9 /* Build configuration list for PBXNativeTarget "MostPopularGamesTests" */;
			buildPhases = (
				970394A02982CD49001177B9 /* Sources */,
				970394A12982CD49001177B9 /* Frameworks */,
				970394A22982CD49001177B9 /* Resources */,
			);
			buildRules = (
			);
			dependencies = (
				970394A92982CD49001177B9 /* PBXTargetDependency */,
			);
			name = MostPopularGamesTests;
			productName = MostPopularGamesTests;
			productReference = 970394A42982CD49001177B9 /* MostPopularGamesTests.xctest */;
			productType = "com.apple.product-type.bundle.unit-test";
		};
		975EC680296BD85E00337F2C /* MostPopularGames */ = {
			isa = PBXNativeTarget;
			buildConfigurationList = 975EC68F296BD85F00337F2C /* Build configuration list for PBXNativeTarget "MostPopularGames" */;
			buildPhases = (
				975EC67D296BD85E00337F2C /* Sources */,
				975EC67E296BD85E00337F2C /* Frameworks */,
				975EC67F296BD85E00337F2C /* Resources */,
				971737CA297159F2001415A3 /* Embed Frameworks */,
			);
			buildRules = (
			);
			dependencies = (
			);
			name = MostPopularGames;
			packageProductDependencies = (
				974003402988F8C7003C811A /* Profile */,
				974003432988FB70003C811A /* Detail */,
				974003462988FE8A003C811A /* Core */,
				9740034929891387003C811A /* Home */,
				9740034C29891629003C811A /* Favorite */,
			);
			productName = MostPopularGames;
			productReference = 975EC681296BD85E00337F2C /* MostPopularGames.app */;
			productType = "com.apple.product-type.application";
		};
/* End PBXNativeTarget section */

/* Begin PBXProject section */
		975EC679296BD85D00337F2C /* Project object */ = {
			isa = PBXProject;
			attributes = {
				BuildIndependentTargetsInParallel = 1;
				LastSwiftUpdateCheck = 1420;
				LastUpgradeCheck = 1420;
				TargetAttributes = {
					970394A32982CD49001177B9 = {
						CreatedOnToolsVersion = 14.2;
						TestTargetID = 975EC680296BD85E00337F2C;
					};
					975EC680296BD85E00337F2C = {
						CreatedOnToolsVersion = 14.2;
					};
				};
			};
			buildConfigurationList = 975EC67C296BD85D00337F2C /* Build configuration list for PBXProject "MostPopularGames" */;
			compatibilityVersion = "Xcode 14.0";
			developmentRegion = en;
			hasScannedForEncodings = 0;
			knownRegions = (
				en,
				Base,
			);
			mainGroup = 975EC678296BD85D00337F2C;
			packageReferences = (
			);
			productRefGroup = 975EC682296BD85E00337F2C /* Products */;
			projectDirPath = "";
			projectRoot = "";
			targets = (
				975EC680296BD85E00337F2C /* MostPopularGames */,
				970394A32982CD49001177B9 /* MostPopularGamesTests */,
			);
		};
/* End PBXProject section */

/* Begin PBXResourcesBuildPhase section */
		970394A22982CD49001177B9 /* Resources */ = {
			isa = PBXResourcesBuildPhase;
			buildActionMask = 2147483647;
			files = (
			);
			runOnlyForDeploymentPostprocessing = 0;
		};
		975EC67F296BD85E00337F2C /* Resources */ = {
			isa = PBXResourcesBuildPhase;
			buildActionMask = 2147483647;
			files = (
				975EC68C296BD85F00337F2C /* Preview Assets.xcassets in Resources */,
				975EC689296BD85F00337F2C /* Assets.xcassets in Resources */,
			);
			runOnlyForDeploymentPostprocessing = 0;
		};
/* End PBXResourcesBuildPhase section */

/* Begin PBXSourcesBuildPhase section */
		970394A02982CD49001177B9 /* Sources */ = {
			isa = PBXSourcesBuildPhase;
			buildActionMask = 2147483647;
			files = (
				970394A72982CD49001177B9 /* MostPopularGamesTests.swift in Sources */,
			);
			runOnlyForDeploymentPostprocessing = 0;
		};
		975EC67D296BD85E00337F2C /* Sources */ = {
			isa = PBXSourcesBuildPhase;
			buildActionMask = 2147483647;
			files = (
				9740034F2989699D003C811A /* Assembler.swift in Sources */,
				971737BB29714451001415A3 /* GameContainer.swift in Sources */,
				975EC687296BD85E00337F2C /* MainView.swift in Sources */,
				975EC685296BD85E00337F2C /* MostPopularGamesApp.swift in Sources */,
			);
			runOnlyForDeploymentPostprocessing = 0;
		};
/* End PBXSourcesBuildPhase section */

/* Begin PBXTargetDependency section */
		970394A92982CD49001177B9 /* PBXTargetDependency */ = {
			isa = PBXTargetDependency;
			target = 975EC680296BD85E00337F2C /* MostPopularGames */;
			targetProxy = 970394A82982CD49001177B9 /* PBXContainerItemProxy */;
		};
/* End PBXTargetDependency section */

/* Begin XCBuildConfiguration section */
		970394AB2982CD49001177B9 /* Debug */ = {
			isa = XCBuildConfiguration;
			buildSettings = {
				BUNDLE_LOADER = "$(TEST_HOST)";
				CODE_SIGN_STYLE = Automatic;
				CURRENT_PROJECT_VERSION = 1;
				DEVELOPMENT_TEAM = 9MSHFJSX28;
				GENERATE_INFOPLIST_FILE = YES;
				IPHONEOS_DEPLOYMENT_TARGET = 16.2;
				MACOSX_DEPLOYMENT_TARGET = 13.1;
				MARKETING_VERSION = 1.0;
				PRODUCT_BUNDLE_IDENTIFIER = com.devileya.MostPopularGamesTests;
				PRODUCT_NAME = "$(TARGET_NAME)";
				SDKROOT = auto;
				SUPPORTED_PLATFORMS = "iphoneos iphonesimulator macosx";
				SWIFT_EMIT_LOC_STRINGS = NO;
				SWIFT_VERSION = 5.0;
				TARGETED_DEVICE_FAMILY = "1,2";
				TEST_HOST = "$(BUILT_PRODUCTS_DIR)/MostPopularGames.app/$(BUNDLE_EXECUTABLE_FOLDER_PATH)/MostPopularGames";
			};
			name = Debug;
		};
		970394AC2982CD49001177B9 /* Release */ = {
			isa = XCBuildConfiguration;
			buildSettings = {
				BUNDLE_LOADER = "$(TEST_HOST)";
				CODE_SIGN_STYLE = Automatic;
				CURRENT_PROJECT_VERSION = 1;
				DEVELOPMENT_TEAM = 9MSHFJSX28;
				GENERATE_INFOPLIST_FILE = YES;
				IPHONEOS_DEPLOYMENT_TARGET = 16.2;
				MACOSX_DEPLOYMENT_TARGET = 13.1;
				MARKETING_VERSION = 1.0;
				PRODUCT_BUNDLE_IDENTIFIER = com.devileya.MostPopularGamesTests;
				PRODUCT_NAME = "$(TARGET_NAME)";
				SDKROOT = auto;
				SUPPORTED_PLATFORMS = "iphoneos iphonesimulator macosx";
				SWIFT_EMIT_LOC_STRINGS = NO;
				SWIFT_VERSION = 5.0;
				TARGETED_DEVICE_FAMILY = "1,2";
				TEST_HOST = "$(BUILT_PRODUCTS_DIR)/MostPopularGames.app/$(BUNDLE_EXECUTABLE_FOLDER_PATH)/MostPopularGames";
			};
			name = Release;
		};
		975EC68D296BD85F00337F2C /* Debug */ = {
			isa = XCBuildConfiguration;
			buildSettings = {
				ALWAYS_SEARCH_USER_PATHS = NO;
				CLANG_ANALYZER_NONNULL = YES;
				CLANG_ANALYZER_NUMBER_OBJECT_CONVERSION = YES_AGGRESSIVE;
				CLANG_CXX_LANGUAGE_STANDARD = "gnu++20";
				CLANG_ENABLE_MODULES = YES;
				CLANG_ENABLE_OBJC_ARC = YES;
				CLANG_ENABLE_OBJC_WEAK = YES;
				CLANG_WARN_BLOCK_CAPTURE_AUTORELEASING = YES;
				CLANG_WARN_BOOL_CONVERSION = YES;
				CLANG_WARN_COMMA = YES;
				CLANG_WARN_CONSTANT_CONVERSION = YES;
				CLANG_WARN_DEPRECATED_OBJC_IMPLEMENTATIONS = YES;
				CLANG_WARN_DIRECT_OBJC_ISA_USAGE = YES_ERROR;
				CLANG_WARN_DOCUMENTATION_COMMENTS = YES;
				CLANG_WARN_EMPTY_BODY = YES;
				CLANG_WARN_ENUM_CONVERSION = YES;
				CLANG_WARN_INFINITE_RECURSION = YES;
				CLANG_WARN_INT_CONVERSION = YES;
				CLANG_WARN_NON_LITERAL_NULL_CONVERSION = YES;
				CLANG_WARN_OBJC_IMPLICIT_RETAIN_SELF = YES;
				CLANG_WARN_OBJC_LITERAL_CONVERSION = YES;
				CLANG_WARN_OBJC_ROOT_CLASS = YES_ERROR;
				CLANG_WARN_QUOTED_INCLUDE_IN_FRAMEWORK_HEADER = YES;
				CLANG_WARN_RANGE_LOOP_ANALYSIS = YES;
				CLANG_WARN_STRICT_PROTOTYPES = YES;
				CLANG_WARN_SUSPICIOUS_MOVE = YES;
				CLANG_WARN_UNGUARDED_AVAILABILITY = YES_AGGRESSIVE;
				CLANG_WARN_UNREACHABLE_CODE = YES;
				CLANG_WARN__DUPLICATE_METHOD_MATCH = YES;
				COPY_PHASE_STRIP = NO;
				DEBUG_INFORMATION_FORMAT = dwarf;
				ENABLE_STRICT_OBJC_MSGSEND = YES;
				ENABLE_TESTABILITY = YES;
				GCC_C_LANGUAGE_STANDARD = gnu11;
				GCC_DYNAMIC_NO_PIC = NO;
				GCC_NO_COMMON_BLOCKS = YES;
				GCC_OPTIMIZATION_LEVEL = 0;
				GCC_PREPROCESSOR_DEFINITIONS = (
					"DEBUG=1",
					"$(inherited)",
				);
				GCC_WARN_64_TO_32_BIT_CONVERSION = YES;
				GCC_WARN_ABOUT_RETURN_TYPE = YES_ERROR;
				GCC_WARN_UNDECLARED_SELECTOR = YES;
				GCC_WARN_UNINITIALIZED_AUTOS = YES_AGGRESSIVE;
				GCC_WARN_UNUSED_FUNCTION = YES;
				GCC_WARN_UNUSED_VARIABLE = YES;
				IPHONEOS_DEPLOYMENT_TARGET = 16.2;
				MTL_ENABLE_DEBUG_INFO = INCLUDE_SOURCE;
				MTL_FAST_MATH = YES;
				ONLY_ACTIVE_ARCH = YES;
				SDKROOT = iphoneos;
				SWIFT_ACTIVE_COMPILATION_CONDITIONS = DEBUG;
				SWIFT_OPTIMIZATION_LEVEL = "-Onone";
			};
			name = Debug;
		};
		975EC68E296BD85F00337F2C /* Release */ = {
			isa = XCBuildConfiguration;
			buildSettings = {
				ALWAYS_SEARCH_USER_PATHS = NO;
				CLANG_ANALYZER_NONNULL = YES;
				CLANG_ANALYZER_NUMBER_OBJECT_CONVERSION = YES_AGGRESSIVE;
				CLANG_CXX_LANGUAGE_STANDARD = "gnu++20";
				CLANG_ENABLE_MODULES = YES;
				CLANG_ENABLE_OBJC_ARC = YES;
				CLANG_ENABLE_OBJC_WEAK = YES;
				CLANG_WARN_BLOCK_CAPTURE_AUTORELEASING = YES;
				CLANG_WARN_BOOL_CONVERSION = YES;
				CLANG_WARN_COMMA = YES;
				CLANG_WARN_CONSTANT_CONVERSION = YES;
				CLANG_WARN_DEPRECATED_OBJC_IMPLEMENTATIONS = YES;
				CLANG_WARN_DIRECT_OBJC_ISA_USAGE = YES_ERROR;
				CLANG_WARN_DOCUMENTATION_COMMENTS = YES;
				CLANG_WARN_EMPTY_BODY = YES;
				CLANG_WARN_ENUM_CONVERSION = YES;
				CLANG_WARN_INFINITE_RECURSION = YES;
				CLANG_WARN_INT_CONVERSION = YES;
				CLANG_WARN_NON_LITERAL_NULL_CONVERSION = YES;
				CLANG_WARN_OBJC_IMPLICIT_RETAIN_SELF = YES;
				CLANG_WARN_OBJC_LITERAL_CONVERSION = YES;
				CLANG_WARN_OBJC_ROOT_CLASS = YES_ERROR;
				CLANG_WARN_QUOTED_INCLUDE_IN_FRAMEWORK_HEADER = YES;
				CLANG_WARN_RANGE_LOOP_ANALYSIS = YES;
				CLANG_WARN_STRICT_PROTOTYPES = YES;
				CLANG_WARN_SUSPICIOUS_MOVE = YES;
				CLANG_WARN_UNGUARDED_AVAILABILITY = YES_AGGRESSIVE;
				CLANG_WARN_UNREACHABLE_CODE = YES;
				CLANG_WARN__DUPLICATE_METHOD_MATCH = YES;
				COPY_PHASE_STRIP = NO;
				DEBUG_INFORMATION_FORMAT = "dwarf-with-dsym";
				ENABLE_NS_ASSERTIONS = NO;
				ENABLE_STRICT_OBJC_MSGSEND = YES;
				GCC_C_LANGUAGE_STANDARD = gnu11;
				GCC_NO_COMMON_BLOCKS = YES;
				GCC_WARN_64_TO_32_BIT_CONVERSION = YES;
				GCC_WARN_ABOUT_RETURN_TYPE = YES_ERROR;
				GCC_WARN_UNDECLARED_SELECTOR = YES;
				GCC_WARN_UNINITIALIZED_AUTOS = YES_AGGRESSIVE;
				GCC_WARN_UNUSED_FUNCTION = YES;
				GCC_WARN_UNUSED_VARIABLE = YES;
				IPHONEOS_DEPLOYMENT_TARGET = 16.2;
				MTL_ENABLE_DEBUG_INFO = NO;
				MTL_FAST_MATH = YES;
				SDKROOT = iphoneos;
				SWIFT_COMPILATION_MODE = wholemodule;
				SWIFT_OPTIMIZATION_LEVEL = "-O";
				VALIDATE_PRODUCT = YES;
			};
			name = Release;
		};
		975EC690296BD85F00337F2C /* Debug */ = {
			isa = XCBuildConfiguration;
			buildSettings = {
				ASSETCATALOG_COMPILER_APPICON_NAME = AppIcon;
				ASSETCATALOG_COMPILER_GLOBAL_ACCENT_COLOR_NAME = AccentColor;
				CODE_SIGN_STYLE = Automatic;
				CURRENT_PROJECT_VERSION = 1;
				DEVELOPMENT_ASSET_PATHS = "\"MostPopularGames/Preview Content\"";
				DEVELOPMENT_TEAM = 9MSHFJSX28;
				ENABLE_PREVIEWS = YES;
				GENERATE_INFOPLIST_FILE = YES;
				INFOPLIST_KEY_UIApplicationSceneManifest_Generation = YES;
				INFOPLIST_KEY_UIApplicationSupportsIndirectInputEvents = YES;
				INFOPLIST_KEY_UILaunchScreen_Generation = YES;
				INFOPLIST_KEY_UISupportedInterfaceOrientations_iPad = "UIInterfaceOrientationPortrait UIInterfaceOrientationPortraitUpsideDown UIInterfaceOrientationLandscapeLeft UIInterfaceOrientationLandscapeRight";
				INFOPLIST_KEY_UISupportedInterfaceOrientations_iPhone = "UIInterfaceOrientationPortrait UIInterfaceOrientationLandscapeLeft UIInterfaceOrientationLandscapeRight";
				LD_RUNPATH_SEARCH_PATHS = (
					"$(inherited)",
					"@executable_path/Frameworks",
				);
				MARKETING_VERSION = 1.0;
				PRODUCT_BUNDLE_IDENTIFIER = com.devileya.MostPopularGames;
				PRODUCT_NAME = "$(TARGET_NAME)";
				SUPPORTED_PLATFORMS = "iphoneos iphonesimulator";
				SUPPORTS_MACCATALYST = NO;
				SUPPORTS_MAC_DESIGNED_FOR_IPHONE_IPAD = NO;
				SWIFT_EMIT_LOC_STRINGS = YES;
				SWIFT_VERSION = 5.0;
				TARGETED_DEVICE_FAMILY = "1,2";
			};
			name = Debug;
		};
		975EC691296BD85F00337F2C /* Release */ = {
			isa = XCBuildConfiguration;
			buildSettings = {
				ASSETCATALOG_COMPILER_APPICON_NAME = AppIcon;
				ASSETCATALOG_COMPILER_GLOBAL_ACCENT_COLOR_NAME = AccentColor;
				CODE_SIGN_STYLE = Automatic;
				CURRENT_PROJECT_VERSION = 1;
				DEVELOPMENT_ASSET_PATHS = "\"MostPopularGames/Preview Content\"";
				DEVELOPMENT_TEAM = 9MSHFJSX28;
				ENABLE_PREVIEWS = YES;
				GENERATE_INFOPLIST_FILE = YES;
				INFOPLIST_KEY_UIApplicationSceneManifest_Generation = YES;
				INFOPLIST_KEY_UIApplicationSupportsIndirectInputEvents = YES;
				INFOPLIST_KEY_UILaunchScreen_Generation = YES;
				INFOPLIST_KEY_UISupportedInterfaceOrientations_iPad = "UIInterfaceOrientationPortrait UIInterfaceOrientationPortraitUpsideDown UIInterfaceOrientationLandscapeLeft UIInterfaceOrientationLandscapeRight";
				INFOPLIST_KEY_UISupportedInterfaceOrientations_iPhone = "UIInterfaceOrientationPortrait UIInterfaceOrientationLandscapeLeft UIInterfaceOrientationLandscapeRight";
				LD_RUNPATH_SEARCH_PATHS = (
					"$(inherited)",
					"@executable_path/Frameworks",
				);
				MARKETING_VERSION = 1.0;
				PRODUCT_BUNDLE_IDENTIFIER = com.devileya.MostPopularGames;
				PRODUCT_NAME = "$(TARGET_NAME)";
				SUPPORTED_PLATFORMS = "iphoneos iphonesimulator";
				SUPPORTS_MACCATALYST = NO;
				SUPPORTS_MAC_DESIGNED_FOR_IPHONE_IPAD = NO;
				SWIFT_EMIT_LOC_STRINGS = YES;
				SWIFT_VERSION = 5.0;
				TARGETED_DEVICE_FAMILY = "1,2";
			};
			name = Release;
		};
/* End XCBuildConfiguration section */

/* Begin XCConfigurationList section */
		970394AA2982CD49001177B9 /* Build configuration list for PBXNativeTarget "MostPopularGamesTests" */ = {
			isa = XCConfigurationList;
			buildConfigurations = (
				970394AB2982CD49001177B9 /* Debug */,
				970394AC2982CD49001177B9 /* Release */,
			);
			defaultConfigurationIsVisible = 0;
			defaultConfigurationName = Release;
		};
		975EC67C296BD85D00337F2C /* Build configuration list for PBXProject "MostPopularGames" */ = {
			isa = XCConfigurationList;
			buildConfigurations = (
				975EC68D296BD85F00337F2C /* Debug */,
				975EC68E296BD85F00337F2C /* Release */,
			);
			defaultConfigurationIsVisible = 0;
			defaultConfigurationName = Release;
		};
		975EC68F296BD85F00337F2C /* Build configuration list for PBXNativeTarget "MostPopularGames" */ = {
			isa = XCConfigurationList;
			buildConfigurations = (
				975EC690296BD85F00337F2C /* Debug */,
				975EC691296BD85F00337F2C /* Release */,
			);
			defaultConfigurationIsVisible = 0;
			defaultConfigurationName = Release;
		};
/* End XCConfigurationList section */

/* Begin XCSwiftPackageProductDependency section */
		974003402988F8C7003C811A /* Profile */ = {
			isa = XCSwiftPackageProductDependency;
			productName = Profile;
		};
		974003432988FB70003C811A /* Detail */ = {
			isa = XCSwiftPackageProductDependency;
			productName = Detail;
		};
		974003462988FE8A003C811A /* Core */ = {
			isa = XCSwiftPackageProductDependency;
			productName = Core;
		};
		9740034929891387003C811A /* Home */ = {
			isa = XCSwiftPackageProductDependency;
			productName = Home;
		};
		9740034C29891629003C811A /* Favorite */ = {
			isa = XCSwiftPackageProductDependency;
			productName = Favorite;
		};
/* End XCSwiftPackageProductDependency section */
	};
	rootObject = 975EC679296BD85D00337F2C /* Project object */;
}
